
Microsoft Visual Studio Solution File, Format Version 12.00
# Visual Studio 14
VisualStudioVersion = 14.0.25420.1
MinimumVisualStudioVersion = 10.0.40219.1
Project("{FAE04EC0-301F-11D3-BF4B-00C04F79EFBC}") = "FirstApllicationEnsi.Android", "FirstApllicationEnsi\FirstApllicationEnsi.Android\FirstApllicationEnsi.Android.csproj", "{67629992-3781-4D27-A779-863AE7454970}"
EndProject
Project("{FAE04EC0-301F-11D3-BF4B-00C04F79EFBC}") = "FirstApllicationEnsi", "FirstApllicationEnsi\FirstApllicationEnsi\FirstApllicationEnsi.csproj", "{CFA23A09-6F4B-418B-9215-96A2A75F7BDA}"
EndProject
Project("{FAE04EC0-301F-11D3-BF4B-00C04F79EFBC}") = "FirstApllicationEnsi.UWP", "FirstApllicationEnsi\FirstApllicationEnsi.UWP\FirstApllicationEnsi.UWP.csproj", "{DA0CBC9F-7001-4C26-8656-CC058AA9D655}"
EndProject
Project("{FAE04EC0-301F-11D3-BF4B-00C04F79EFBC}") = "FirstApllicationEnsi.iOS", "FirstApllicationEnsi\FirstApllicationEnsi.iOS\FirstApllicationEnsi.iOS.csproj", "{FD2639C9-A299-4BAA-B54A-DABBA95244A9}"
EndProject
Global
	GlobalSection(SolutionConfigurationPlatforms) = preSolution
		Ad-Hoc|Any CPU = Ad-Hoc|Any CPU
		Ad-Hoc|ARM = Ad-Hoc|ARM
		Ad-Hoc|iPhone = Ad-Hoc|iPhone
		Ad-Hoc|iPhoneSimulator = Ad-Hoc|iPhoneSimulator
		Ad-Hoc|x64 = Ad-Hoc|x64
		Ad-Hoc|x86 = Ad-Hoc|x86
		AppStore|Any CPU = AppStore|Any CPU
		AppStore|ARM = AppStore|ARM
		AppStore|iPhone = AppStore|iPhone
		AppStore|iPhoneSimulator = AppStore|iPhoneSimulator
		AppStore|x64 = AppStore|x64
		AppStore|x86 = AppStore|x86
		Debug|Any CPU = Debug|Any CPU
		Debug|ARM = Debug|ARM
		Debug|iPhone = Debug|iPhone
		Debug|iPhoneSimulator = Debug|iPhoneSimulator
		Debug|x64 = Debug|x64
		Debug|x86 = Debug|x86
		Release|Any CPU = Release|Any CPU
		Release|ARM = Release|ARM
		Release|iPhone = Release|iPhone
		Release|iPhoneSimulator = Release|iPhoneSimulator
		Release|x64 = Release|x64
		Release|x86 = Release|x86
	EndGlobalSection
	GlobalSection(ProjectConfigurationPlatforms) = postSolution
		{67629992-3781-4D27-A779-863AE7454970}.Ad-Hoc|Any CPU.ActiveCfg = Release|Any CPU
		{67629992-3781-4D27-A779-863AE7454970}.Ad-Hoc|Any CPU.Build.0 = Release|Any CPU
		{67629992-3781-4D27-A779-863AE7454970}.Ad-Hoc|Any CPU.Deploy.0 = Release|Any CPU
		{67629992-3781-4D27-A779-863AE7454970}.Ad-Hoc|ARM.ActiveCfg = Release|Any CPU
		{67629992-3781-4D27-A779-863AE7454970}.Ad-Hoc|ARM.Build.0 = Release|Any CPU
		{67629992-3781-4D27-A779-863AE7454970}.Ad-Hoc|ARM.Deploy.0 = Release|Any CPU
		{67629992-3781-4D27-A779-863AE7454970}.Ad-Hoc|iPhone.ActiveCfg = Release|Any CPU
		{67629992-3781-4D27-A779-863AE7454970}.Ad-Hoc|iPhone.Build.0 = Release|Any CPU
		{67629992-3781-4D27-A779-863AE7454970}.Ad-Hoc|iPhone.Deploy.0 = Release|Any CPU
		{67629992-3781-4D27-A779-863AE7454970}.Ad-Hoc|iPhoneSimulator.ActiveCfg = Release|Any CPU
		{67629992-3781-4D27-A779-863AE7454970}.Ad-Hoc|iPhoneSimulator.Build.0 = Release|Any CPU
		{67629992-3781-4D27-A779-863AE7454970}.Ad-Hoc|iPhoneSimulator.Deploy.0 = Release|Any CPU
		{67629992-3781-4D27-A779-863AE7454970}.Ad-Hoc|x64.ActiveCfg = Release|Any CPU
		{67629992-3781-4D27-A779-863AE7454970}.Ad-Hoc|x64.Build.0 = Release|Any CPU
		{67629992-3781-4D27-A779-863AE7454970}.Ad-Hoc|x64.Deploy.0 = Release|Any CPU
		{67629992-3781-4D27-A779-863AE7454970}.Ad-Hoc|x86.ActiveCfg = Release|Any CPU
		{67629992-3781-4D27-A779-863AE7454970}.Ad-Hoc|x86.Build.0 = Release|Any CPU
		{67629992-3781-4D27-A779-863AE7454970}.Ad-Hoc|x86.Deploy.0 = Release|Any CPU
		{67629992-3781-4D27-A779-863AE7454970}.AppStore|Any CPU.ActiveCfg = Release|Any CPU
		{67629992-3781-4D27-A779-863AE7454970}.AppStore|Any CPU.Build.0 = Release|Any CPU
		{67629992-3781-4D27-A779-863AE7454970}.AppStore|Any CPU.Deploy.0 = Release|Any CPU
		{67629992-3781-4D27-A779-863AE7454970}.AppStore|ARM.ActiveCfg = Release|Any CPU
		{67629992-3781-4D27-A779-863AE7454970}.AppStore|ARM.Build.0 = Release|Any CPU
		{67629992-3781-4D27-A779-863AE7454970}.AppStore|ARM.Deploy.0 = Release|Any CPU
		{67629992-3781-4D27-A779-863AE7454970}.AppStore|iPhone.ActiveCfg = Release|Any CPU
		{67629992-3781-4D27-A779-863AE7454970}.AppStore|iPhone.Build.0 = Release|Any CPU
		{67629992-3781-4D27-A779-863AE7454970}.AppStore|iPhone.Deploy.0 = Release|Any CPU
		{67629992-3781-4D27-A779-863AE7454970}.AppStore|iPhoneSimulator.ActiveCfg = Release|Any CPU
		{67629992-3781-4D27-A779-863AE7454970}.AppStore|iPhoneSimulator.Build.0 = Release|Any CPU
		{67629992-3781-4D27-A779-863AE7454970}.AppStore|iPhoneSimulator.Deploy.0 = Release|Any CPU
		{67629992-3781-4D27-A779-863AE7454970}.AppStore|x64.ActiveCfg = Release|Any CPU
		{67629992-3781-4D27-A779-863AE7454970}.AppStore|x64.Build.0 = Release|Any CPU
		{67629992-3781-4D27-A779-863AE7454970}.AppStore|x64.Deploy.0 = Release|Any CPU
		{67629992-3781-4D27-A779-863AE7454970}.AppStore|x86.ActiveCfg = Release|Any CPU
		{67629992-3781-4D27-A779-863AE7454970}.AppStore|x86.Build.0 = Release|Any CPU
		{67629992-3781-4D27-A779-863AE7454970}.AppStore|x86.Deploy.0 = Release|Any CPU
		{67629992-3781-4D27-A779-863AE7454970}.Debug|Any CPU.ActiveCfg = Debug|Any CPU
		{67629992-3781-4D27-A779-863AE7454970}.Debug|Any CPU.Build.0 = Debug|Any CPU
		{67629992-3781-4D27-A779-863AE7454970}.Debug|Any CPU.Deploy.0 = Debug|Any CPU
		{67629992-3781-4D27-A779-863AE7454970}.Debug|ARM.ActiveCfg = Debug|Any CPU
		{67629992-3781-4D27-A779-863AE7454970}.Debug|ARM.Build.0 = Debug|Any CPU
		{67629992-3781-4D27-A779-863AE7454970}.Debug|ARM.Deploy.0 = Debug|Any CPU
		{67629992-3781-4D27-A779-863AE7454970}.Debug|iPhone.ActiveCfg = Debug|Any CPU
		{67629992-3781-4D27-A779-863AE7454970}.Debug|iPhone.Build.0 = Debug|Any CPU
		{67629992-3781-4D27-A779-863AE7454970}.Debug|iPhone.Deploy.0 = Debug|Any CPU
		{67629992-3781-4D27-A779-863AE7454970}.Debug|iPhoneSimulator.ActiveCfg = Debug|Any CPU
		{67629992-3781-4D27-A779-863AE7454970}.Debug|iPhoneSimulator.Build.0 = Debug|Any CPU
		{67629992-3781-4D27-A779-863AE7454970}.Debug|iPhoneSimulator.Deploy.0 = Debug|Any CPU
		{67629992-3781-4D27-A779-863AE7454970}.Debug|x64.ActiveCfg = Debug|Any CPU
		{67629992-3781-4D27-A779-863AE7454970}.Debug|x64.Build.0 = Debug|Any CPU
		{67629992-3781-4D27-A779-863AE7454970}.Debug|x64.Deploy.0 = Debug|Any CPU
		{67629992-3781-4D27-A779-863AE7454970}.Debug|x86.ActiveCfg = Debug|Any CPU
		{67629992-3781-4D27-A779-863AE7454970}.Debug|x86.Build.0 = Debug|Any CPU
		{67629992-3781-4D27-A779-863AE7454970}.Debug|x86.Deploy.0 = Debug|Any CPU
		{67629992-3781-4D27-A779-863AE7454970}.Release|Any CPU.ActiveCfg = Release|Any CPU
		{67629992-3781-4D27-A779-863AE7454970}.Release|Any CPU.Build.0 = Release|Any CPU
		{67629992-3781-4D27-A779-863AE7454970}.Release|Any CPU.Deploy.0 = Release|Any CPU
		{67629992-3781-4D27-A779-863AE7454970}.Release|ARM.ActiveCfg = Release|Any CPU
		{67629992-3781-4D27-A779-863AE7454970}.Release|ARM.Build.0 = Release|Any CPU
		{67629992-3781-4D27-A779-863AE7454970}.Release|ARM.Deploy.0 = Release|Any CPU
		{67629992-3781-4D27-A779-863AE7454970}.Release|iPhone.ActiveCfg = Release|Any CPU
		{67629992-3781-4D27-A779-863AE7454970}.Release|iPhone.Build.0 = Release|Any CPU
		{67629992-3781-4D27-A779-863AE7454970}.Release|iPhone.Deploy.0 = Release|Any CPU
		{67629992-3781-4D27-A779-863AE7454970}.Release|iPhoneSimulator.ActiveCfg = Release|Any CPU
		{67629992-3781-4D27-A779-863AE7454970}.Release|iPhoneSimulator.Build.0 = Release|Any CPU
		{67629992-3781-4D27-A779-863AE7454970}.Release|iPhoneSimulator.Deploy.0 = Release|Any CPU
		{67629992-3781-4D27-A779-863AE7454970}.Release|x64.ActiveCfg = Release|Any CPU
		{67629992-3781-4D27-A779-863AE7454970}.Release|x64.Build.0 = Release|Any CPU
		{67629992-3781-4D27-A779-863AE7454970}.Release|x64.Deploy.0 = Release|Any CPU
		{67629992-3781-4D27-A779-863AE7454970}.Release|x86.ActiveCfg = Release|Any CPU
		{67629992-3781-4D27-A779-863AE7454970}.Release|x86.Build.0 = Release|Any CPU
		{67629992-3781-4D27-A779-863AE7454970}.Release|x86.Deploy.0 = Release|Any CPU
		{CFA23A09-6F4B-418B-9215-96A2A75F7BDA}.Ad-Hoc|Any CPU.ActiveCfg = Release|Any CPU
		{CFA23A09-6F4B-418B-9215-96A2A75F7BDA}.Ad-Hoc|Any CPU.Build.0 = Release|Any CPU
		{CFA23A09-6F4B-418B-9215-96A2A75F7BDA}.Ad-Hoc|Any CPU.Deploy.0 = Release|Any CPU
		{CFA23A09-6F4B-418B-9215-96A2A75F7BDA}.Ad-Hoc|ARM.ActiveCfg = Release|Any CPU
		{CFA23A09-6F4B-418B-9215-96A2A75F7BDA}.Ad-Hoc|ARM.Build.0 = Release|Any CPU
		{CFA23A09-6F4B-418B-9215-96A2A75F7BDA}.Ad-Hoc|ARM.Deploy.0 = Release|Any CPU
		{CFA23A09-6F4B-418B-9215-96A2A75F7BDA}.Ad-Hoc|iPhone.ActiveCfg = Release|Any CPU
		{CFA23A09-6F4B-418B-9215-96A2A75F7BDA}.Ad-Hoc|iPhone.Build.0 = Release|Any CPU
		{CFA23A09-6F4B-418B-9215-96A2A75F7BDA}.Ad-Hoc|iPhone.Deploy.0 = Release|Any CPU
		{CFA23A09-6F4B-418B-9215-96A2A75F7BDA}.Ad-Hoc|iPhoneSimulator.ActiveCfg = Release|Any CPU
		{CFA23A09-6F4B-418B-9215-96A2A75F7BDA}.Ad-Hoc|iPhoneSimulator.Build.0 = Release|Any CPU
		{CFA23A09-6F4B-418B-9215-96A2A75F7BDA}.Ad-Hoc|iPhoneSimulator.Deploy.0 = Release|Any CPU
		{CFA23A09-6F4B-418B-9215-96A2A75F7BDA}.Ad-Hoc|x64.ActiveCfg = Release|Any CPU
		{CFA23A09-6F4B-418B-9215-96A2A75F7BDA}.Ad-Hoc|x64.Build.0 = Release|Any CPU
		{CFA23A09-6F4B-418B-9215-96A2A75F7BDA}.Ad-Hoc|x64.Deploy.0 = Release|Any CPU
		{CFA23A09-6F4B-418B-9215-96A2A75F7BDA}.Ad-Hoc|x86.ActiveCfg = Release|Any CPU
		{CFA23A09-6F4B-418B-9215-96A2A75F7BDA}.Ad-Hoc|x86.Build.0 = Release|Any CPU
		{CFA23A09-6F4B-418B-9215-96A2A75F7BDA}.Ad-Hoc|x86.Deploy.0 = Release|Any CPU
		{CFA23A09-6F4B-418B-9215-96A2A75F7BDA}.AppStore|Any CPU.ActiveCfg = Release|Any CPU
		{CFA23A09-6F4B-418B-9215-96A2A75F7BDA}.AppStore|Any CPU.Build.0 = Release|Any CPU
		{CFA23A09-6F4B-418B-9215-96A2A75F7BDA}.AppStore|Any CPU.Deploy.0 = Release|Any CPU
		{CFA23A09-6F4B-418B-9215-96A2A75F7BDA}.AppStore|ARM.ActiveCfg = Release|Any CPU
		{CFA23A09-6F4B-418B-9215-96A2A75F7BDA}.AppStore|ARM.Build.0 = Release|Any CPU
		{CFA23A09-6F4B-418B-9215-96A2A75F7BDA}.AppStore|ARM.Deploy.0 = Release|Any CPU
		{CFA23A09-6F4B-418B-9215-96A2A75F7BDA}.AppStore|iPhone.ActiveCfg = Release|Any CPU
		{CFA23A09-6F4B-418B-9215-96A2A75F7BDA}.AppStore|iPhone.Build.0 = Release|Any CPU
		{CFA23A09-6F4B-418B-9215-96A2A75F7BDA}.AppStore|iPhone.Deploy.0 = Release|Any CPU
		{CFA23A09-6F4B-418B-9215-96A2A75F7BDA}.AppStore|iPhoneSimulator.ActiveCfg = Release|Any CPU
		{CFA23A09-6F4B-418B-9215-96A2A75F7BDA}.AppStore|iPhoneSimulator.Build.0 = Release|Any CPU
		{CFA23A09-6F4B-418B-9215-96A2A75F7BDA}.AppStore|iPhoneSimulator.Deploy.0 = Release|Any CPU
		{CFA23A09-6F4B-418B-9215-96A2A75F7BDA}.AppStore|x64.ActiveCfg = Release|Any CPU
		{CFA23A09-6F4B-418B-9215-96A2A75F7BDA}.AppStore|x64.Build.0 = Release|Any CPU
		{CFA23A09-6F4B-418B-9215-96A2A75F7BDA}.AppStore|x64.Deploy.0 = Release|Any CPU
		{CFA23A09-6F4B-418B-9215-96A2A75F7BDA}.AppStore|x86.ActiveCfg = Release|Any CPU
		{CFA23A09-6F4B-418B-9215-96A2A75F7BDA}.AppStore|x86.Build.0 = Release|Any CPU
		{CFA23A09-6F4B-418B-9215-96A2A75F7BDA}.AppStore|x86.Deploy.0 = Release|Any CPU
		{CFA23A09-6F4B-418B-9215-96A2A75F7BDA}.Debug|Any CPU.ActiveCfg = Debug|Any CPU
		{CFA23A09-6F4B-418B-9215-96A2A75F7BDA}.Debug|Any CPU.Build.0 = Debug|Any CPU
		{CFA23A09-6F4B-418B-9215-96A2A75F7BDA}.Debug|Any CPU.Deploy.0 = Debug|Any CPU
		{CFA23A09-6F4B-418B-9215-96A2A75F7BDA}.Debug|ARM.ActiveCfg = Debug|Any CPU
		{CFA23A09-6F4B-418B-9215-96A2A75F7BDA}.Debug|ARM.Build.0 = Debug|Any CPU
		{CFA23A09-6F4B-418B-9215-96A2A75F7BDA}.Debug|ARM.Deploy.0 = Debug|Any CPU
		{CFA23A09-6F4B-418B-9215-96A2A75F7BDA}.Debug|iPhone.ActiveCfg = Debug|Any CPU
		{CFA23A09-6F4B-418B-9215-96A2A75F7BDA}.Debug|iPhone.Build.0 = Debug|Any CPU
		{CFA23A09-6F4B-418B-9215-96A2A75F7BDA}.Debug|iPhone.Deploy.0 = Debug|Any CPU
		{CFA23A09-6F4B-418B-9215-96A2A75F7BDA}.Debug|iPhoneSimulator.ActiveCfg = Debug|Any CPU
		{CFA23A09-6F4B-418B-9215-96A2A75F7BDA}.Debug|iPhoneSimulator.Build.0 = Debug|Any CPU
		{CFA23A09-6F4B-418B-9215-96A2A75F7BDA}.Debug|iPhoneSimulator.Deploy.0 = Debug|Any CPU
		{CFA23A09-6F4B-418B-9215-96A2A75F7BDA}.Debug|x64.ActiveCfg = Debug|Any CPU
		{CFA23A09-6F4B-418B-9215-96A2A75F7BDA}.Debug|x64.Build.0 = Debug|Any CPU
		{CFA23A09-6F4B-418B-9215-96A2A75F7BDA}.Debug|x64.Deploy.0 = Debug|Any CPU
		{CFA23A09-6F4B-418B-9215-96A2A75F7BDA}.Debug|x86.ActiveCfg = Debug|Any CPU
		{CFA23A09-6F4B-418B-9215-96A2A75F7BDA}.Debug|x86.Build.0 = Debug|Any CPU
		{CFA23A09-6F4B-418B-9215-96A2A75F7BDA}.Debug|x86.Deploy.0 = Debug|Any CPU
		{CFA23A09-6F4B-418B-9215-96A2A75F7BDA}.Release|Any CPU.ActiveCfg = Release|Any CPU
		{CFA23A09-6F4B-418B-9215-96A2A75F7BDA}.Release|Any CPU.Build.0 = Release|Any CPU
		{CFA23A09-6F4B-418B-9215-96A2A75F7BDA}.Release|Any CPU.Deploy.0 = Release|Any CPU
		{CFA23A09-6F4B-418B-9215-96A2A75F7BDA}.Release|ARM.ActiveCfg = Release|Any CPU
		{CFA23A09-6F4B-418B-9215-96A2A75F7BDA}.Release|ARM.Build.0 = Release|Any CPU
		{CFA23A09-6F4B-418B-9215-96A2A75F7BDA}.Release|ARM.Deploy.0 = Release|Any CPU
		{CFA23A09-6F4B-418B-9215-96A2A75F7BDA}.Release|iPhone.ActiveCfg = Release|Any CPU
		{CFA23A09-6F4B-418B-9215-96A2A75F7BDA}.Release|iPhone.Build.0 = Release|Any CPU
		{CFA23A09-6F4B-418B-9215-96A2A75F7BDA}.Release|iPhone.Deploy.0 = Release|Any CPU
		{CFA23A09-6F4B-418B-9215-96A2A75F7BDA}.Release|iPhoneSimulator.ActiveCfg = Release|Any CPU
		{CFA23A09-6F4B-418B-9215-96A2A75F7BDA}.Release|iPhoneSimulator.Build.0 = Release|Any CPU
		{CFA23A09-6F4B-418B-9215-96A2A75F7BDA}.Release|iPhoneSimulator.Deploy.0 = Release|Any CPU
		{CFA23A09-6F4B-418B-9215-96A2A75F7BDA}.Release|x64.ActiveCfg = Release|Any CPU
		{CFA23A09-6F4B-418B-9215-96A2A75F7BDA}.Release|x64.Build.0 = Release|Any CPU
		{CFA23A09-6F4B-418B-9215-96A2A75F7BDA}.Release|x64.Deploy.0 = Release|Any CPU
		{CFA23A09-6F4B-418B-9215-96A2A75F7BDA}.Release|x86.ActiveCfg = Release|Any CPU
		{CFA23A09-6F4B-418B-9215-96A2A75F7BDA}.Release|x86.Build.0 = Release|Any CPU
		{CFA23A09-6F4B-418B-9215-96A2A75F7BDA}.Release|x86.Deploy.0 = Release|Any CPU
		{DA0CBC9F-7001-4C26-8656-CC058AA9D655}.Ad-Hoc|Any CPU.ActiveCfg = Release|x86
		{DA0CBC9F-7001-4C26-8656-CC058AA9D655}.Ad-Hoc|Any CPU.Build.0 = Release|x86
		{DA0CBC9F-7001-4C26-8656-CC058AA9D655}.Ad-Hoc|Any CPU.Deploy.0 = Release|x86
		{DA0CBC9F-7001-4C26-8656-CC058AA9D655}.Ad-Hoc|ARM.ActiveCfg = Release|ARM
		{DA0CBC9F-7001-4C26-8656-CC058AA9D655}.Ad-Hoc|ARM.Build.0 = Release|ARM
		{DA0CBC9F-7001-4C26-8656-CC058AA9D655}.Ad-Hoc|ARM.Deploy.0 = Release|ARM
		{DA0CBC9F-7001-4C26-8656-CC058AA9D655}.Ad-Hoc|iPhone.ActiveCfg = Release|x86
		{DA0CBC9F-7001-4C26-8656-CC058AA9D655}.Ad-Hoc|iPhone.Build.0 = Release|x86
		{DA0CBC9F-7001-4C26-8656-CC058AA9D655}.Ad-Hoc|iPhone.Deploy.0 = Release|x86
		{DA0CBC9F-7001-4C26-8656-CC058AA9D655}.Ad-Hoc|iPhoneSimulator.ActiveCfg = Release|x86
		{DA0CBC9F-7001-4C26-8656-CC058AA9D655}.Ad-Hoc|iPhoneSimulator.Build.0 = Release|x86
		{DA0CBC9F-7001-4C26-8656-CC058AA9D655}.Ad-Hoc|iPhoneSimulator.Deploy.0 = Release|x86
		{DA0CBC9F-7001-4C26-8656-CC058AA9D655}.Ad-Hoc|x64.ActiveCfg = Release|x64
		{DA0CBC9F-7001-4C26-8656-CC058AA9D655}.Ad-Hoc|x64.Build.0 = Release|x64
		{DA0CBC9F-7001-4C26-8656-CC058AA9D655}.Ad-Hoc|x64.Deploy.0 = Release|x64
		{DA0CBC9F-7001-4C26-8656-CC058AA9D655}.Ad-Hoc|x86.ActiveCfg = Release|x86
		{DA0CBC9F-7001-4C26-8656-CC058AA9D655}.Ad-Hoc|x86.Build.0 = Release|x86
		{DA0CBC9F-7001-4C26-8656-CC058AA9D655}.Ad-Hoc|x86.Deploy.0 = Release|x86
		{DA0CBC9F-7001-4C26-8656-CC058AA9D655}.AppStore|Any CPU.ActiveCfg = Release|x86
		{DA0CBC9F-7001-4C26-8656-CC058AA9D655}.AppStore|Any CPU.Build.0 = Release|x86
		{DA0CBC9F-7001-4C26-8656-CC058AA9D655}.AppStore|Any CPU.Deploy.0 = Release|x86
		{DA0CBC9F-7001-4C26-8656-CC058AA9D655}.AppStore|ARM.ActiveCfg = Release|ARM
		{DA0CBC9F-7001-4C26-8656-CC058AA9D655}.AppStore|ARM.Build.0 = Release|ARM
		{DA0CBC9F-7001-4C26-8656-CC058AA9D655}.AppStore|ARM.Deploy.0 = Release|ARM
		{DA0CBC9F-7001-4C26-8656-CC058AA9D655}.AppStore|iPhone.ActiveCfg = Release|x86
		{DA0CBC9F-7001-4C26-8656-CC058AA9D655}.AppStore|iPhone.Build.0 = Release|x86
		{DA0CBC9F-7001-4C26-8656-CC058AA9D655}.AppStore|iPhone.Deploy.0 = Release|x86
		{DA0CBC9F-7001-4C26-8656-CC058AA9D655}.AppStore|iPhoneSimulator.ActiveCfg = Release|x86
		{DA0CBC9F-7001-4C26-8656-CC058AA9D655}.AppStore|iPhoneSimulator.Build.0 = Release|x86
		{DA0CBC9F-7001-4C26-8656-CC058AA9D655}.AppStore|iPhoneSimulator.Deploy.0 = Release|x86
		{DA0CBC9F-7001-4C26-8656-CC058AA9D655}.AppStore|x64.ActiveCfg = Release|x64
		{DA0CBC9F-7001-4C26-8656-CC058AA9D655}.AppStore|x64.Build.0 = Release|x64
		{DA0CBC9F-7001-4C26-8656-CC058AA9D655}.AppStore|x64.Deploy.0 = Release|x64
		{DA0CBC9F-7001-4C26-8656-CC058AA9D655}.AppStore|x86.ActiveCfg = Release|x86
		{DA0CBC9F-7001-4C26-8656-CC058AA9D655}.AppStore|x86.Build.0 = Release|x86
		{DA0CBC9F-7001-4C26-8656-CC058AA9D655}.AppStore|x86.Deploy.0 = Release|x86
		{DA0CBC9F-7001-4C26-8656-CC058AA9D655}.Debug|Any CPU.ActiveCfg = Debug|x86
		{DA0CBC9F-7001-4C26-8656-CC058AA9D655}.Debug|Any CPU.Build.0 = Debug|x86
		{DA0CBC9F-7001-4C26-8656-CC058AA9D655}.Debug|Any CPU.Deploy.0 = Debug|x86
		{DA0CBC9F-7001-4C26-8656-CC058AA9D655}.Debug|ARM.ActiveCfg = Debug|ARM
		{DA0CBC9F-7001-4C26-8656-CC058AA9D655}.Debug|ARM.Build.0 = Debug|ARM
		{DA0CBC9F-7001-4C26-8656-CC058AA9D655}.Debug|ARM.Deploy.0 = Debug|ARM
		{DA0CBC9F-7001-4C26-8656-CC058AA9D655}.Debug|iPhone.ActiveCfg = Debug|x86
		{DA0CBC9F-7001-4C26-8656-CC058AA9D655}.Debug|iPhone.Build.0 = Debug|x86
		{DA0CBC9F-7001-4C26-8656-CC058AA9D655}.Debug|iPhone.Deploy.0 = Debug|x86
		{DA0CBC9F-7001-4C26-8656-CC058AA9D655}.Debug|iPhoneSimulator.ActiveCfg = Debug|x86
		{DA0CBC9F-7001-4C26-8656-CC058AA9D655}.Debug|iPhoneSimulator.Build.0 = Debug|x86
		{DA0CBC9F-7001-4C26-8656-CC058AA9D655}.Debug|iPhoneSimulator.Deploy.0 = Debug|x86
		{DA0CBC9F-7001-4C26-8656-CC058AA9D655}.Debug|x64.ActiveCfg = Debug|x64
		{DA0CBC9F-7001-4C26-8656-CC058AA9D655}.Debug|x64.Build.0 = Debug|x64
		{DA0CBC9F-7001-4C26-8656-CC058AA9D655}.Debug|x64.Deploy.0 = Debug|x64
		{DA0CBC9F-7001-4C26-8656-CC058AA9D655}.Debug|x86.ActiveCfg = Debug|x86
		{DA0CBC9F-7001-4C26-8656-CC058AA9D655}.Debug|x86.Build.0 = Debug|x86
		{DA0CBC9F-7001-4C26-8656-CC058AA9D655}.Debug|x86.Deploy.0 = Debug|x86
		{DA0CBC9F-7001-4C26-8656-CC058AA9D655}.Release|Any CPU.ActiveCfg = Release|x86
		{DA0CBC9F-7001-4C26-8656-CC058AA9D655}.Release|Any CPU.Build.0 = Release|x86
		{DA0CBC9F-7001-4C26-8656-CC058AA9D655}.Release|Any CPU.Deploy.0 = Release|x86
		{DA0CBC9F-7001-4C26-8656-CC058AA9D655}.Release|ARM.ActiveCfg = Release|ARM
		{DA0CBC9F-7001-4C26-8656-CC058AA9D655}.Release|ARM.Build.0 = Release|ARM
		{DA0CBC9F-7001-4C26-8656-CC058AA9D655}.Release|ARM.Deploy.0 = Release|ARM
		{DA0CBC9F-7001-4C26-8656-CC058AA9D655}.Release|iPhone.ActiveCfg = Release|x86
		{DA0CBC9F-7001-4C26-8656-CC058AA9D655}.Release|iPhone.Build.0 = Release|x86
		{DA0CBC9F-7001-4C26-8656-CC058AA9D655}.Release|iPhone.Deploy.0 = Release|x86
		{DA0CBC9F-7001-4C26-8656-CC058AA9D655}.Release|iPhoneSimulator.ActiveCfg = Release|x86
		{DA0CBC9F-7001-4C26-8656-CC058AA9D655}.Release|iPhoneSimulator.Build.0 = Release|x86
		{DA0CBC9F-7001-4C26-8656-CC058AA9D655}.Release|iPhoneSimulator.Deploy.0 = Release|x86
		{DA0CBC9F-7001-4C26-8656-CC058AA9D655}.Release|x64.ActiveCfg = Release|x64
		{DA0CBC9F-7001-4C26-8656-CC058AA9D655}.Release|x64.Build.0 = Release|x64
		{DA0CBC9F-7001-4C26-8656-CC058AA9D655}.Release|x64.Deploy.0 = Release|x64
		{DA0CBC9F-7001-4C26-8656-CC058AA9D655}.Release|x86.ActiveCfg = Release|x86
		{DA0CBC9F-7001-4C26-8656-CC058AA9D655}.Release|x86.Build.0 = Release|x86
		{DA0CBC9F-7001-4C26-8656-CC058AA9D655}.Release|x86.Deploy.0 = Release|x86
		{FD2639C9-A299-4BAA-B54A-DABBA95244A9}.Ad-Hoc|Any CPU.ActiveCfg = Ad-Hoc|iPhone
		{FD2639C9-A299-4BAA-B54A-DABBA95244A9}.Ad-Hoc|Any CPU.Build.0 = Ad-Hoc|iPhone
		{FD2639C9-A299-4BAA-B54A-DABBA95244A9}.Ad-Hoc|Any CPU.Deploy.0 = Ad-Hoc|iPhone
		{FD2639C9-A299-4BAA-B54A-DABBA95244A9}.Ad-Hoc|ARM.ActiveCfg = Ad-Hoc|iPhone
		{FD2639C9-A299-4BAA-B54A-DABBA95244A9}.Ad-Hoc|ARM.Build.0 = Ad-Hoc|iPhone
		{FD2639C9-A299-4BAA-B54A-DABBA95244A9}.Ad-Hoc|ARM.Deploy.0 = Ad-Hoc|iPhone
		{FD2639C9-A299-4BAA-B54A-DABBA95244A9}.Ad-Hoc|iPhone.ActiveCfg = Ad-Hoc|iPhone
		{FD2639C9-A299-4BAA-B54A-DABBA95244A9}.Ad-Hoc|iPhone.Build.0 = Ad-Hoc|iPhone
		{FD2639C9-A299-4BAA-B54A-DABBA95244A9}.Ad-Hoc|iPhone.Deploy.0 = Ad-Hoc|iPhone
		{FD2639C9-A299-4BAA-B54A-DABBA95244A9}.Ad-Hoc|iPhoneSimulator.ActiveCfg = Ad-Hoc|iPhoneSimulator
		{FD2639C9-A299-4BAA-B54A-DABBA95244A9}.Ad-Hoc|iPhoneSimulator.Build.0 = Ad-Hoc|iPhoneSimulator
		{FD2639C9-A299-4BAA-B54A-DABBA95244A9}.Ad-Hoc|iPhoneSimulator.Deploy.0 = Ad-Hoc|iPhoneSimulator
		{FD2639C9-A299-4BAA-B54A-DABBA95244A9}.Ad-Hoc|x64.ActiveCfg = Ad-Hoc|iPhone
		{FD2639C9-A299-4BAA-B54A-DABBA95244A9}.Ad-Hoc|x64.Build.0 = Ad-Hoc|iPhone
		{FD2639C9-A299-4BAA-B54A-DABBA95244A9}.Ad-Hoc|x64.Deploy.0 = Ad-Hoc|iPhone
		{FD2639C9-A299-4BAA-B54A-DABBA95244A9}.Ad-Hoc|x86.ActiveCfg = Ad-Hoc|iPhone
		{FD2639C9-A299-4BAA-B54A-DABBA95244A9}.Ad-Hoc|x86.Build.0 = Ad-Hoc|iPhone
		{FD2639C9-A299-4BAA-B54A-DABBA95244A9}.Ad-Hoc|x86.Deploy.0 = Ad-Hoc|iPhone
		{FD2639C9-A299-4BAA-B54A-DABBA95244A9}.AppStore|Any CPU.ActiveCfg = AppStore|iPhone
		{FD2639C9-A299-4BAA-B54A-DABBA95244A9}.AppStore|Any CPU.Build.0 = AppStore|iPhone
		{FD2639C9-A299-4BAA-B54A-DABBA95244A9}.AppStore|Any CPU.Deploy.0 = AppStore|iPhone
		{FD2639C9-A299-4BAA-B54A-DABBA95244A9}.AppStore|ARM.ActiveCfg = AppStore|iPhone
		{FD2639C9-A299-4BAA-B54A-DABBA95244A9}.AppStore|ARM.Build.0 = AppStore|iPhone
		{FD2639C9-A299-4BAA-B54A-DABBA95244A9}.AppStore|ARM.Deploy.0 = AppStore|iPhone
		{FD2639C9-A299-4BAA-B54A-DABBA95244A9}.AppStore|iPhone.ActiveCfg = AppStore|iPhone
		{FD2639C9-A299-4BAA-B54A-DABBA95244A9}.AppStore|iPhone.Build.0 = AppStore|iPhone
		{FD2639C9-A299-4BAA-B54A-DABBA95244A9}.AppStore|iPhone.Deploy.0 = AppStore|iPhone
		{FD2639C9-A299-4BAA-B54A-DABBA95244A9}.AppStore|iPhoneSimulator.ActiveCfg = AppStore|iPhoneSimulator
		{FD2639C9-A299-4BAA-B54A-DABBA95244A9}.AppStore|iPhoneSimulator.Build.0 = AppStore|iPhoneSimulator
		{FD2639C9-A299-4BAA-B54A-DABBA95244A9}.AppStore|iPhoneSimulator.Deploy.0 = AppStore|iPhoneSimulator
		{FD2639C9-A299-4BAA-B54A-DABBA95244A9}.AppStore|x64.ActiveCfg = AppStore|iPhone
		{FD2639C9-A299-4BAA-B54A-DABBA95244A9}.AppStore|x64.Build.0 = AppStore|iPhone
		{FD2639C9-A299-4BAA-B54A-DABBA95244A9}.AppStore|x64.Deploy.0 = AppStore|iPhone
		{FD2639C9-A299-4BAA-B54A-DABBA95244A9}.AppStore|x86.ActiveCfg = AppStore|iPhone
		{FD2639C9-A299-4BAA-B54A-DABBA95244A9}.AppStore|x86.Build.0 = AppStore|iPhone
		{FD2639C9-A299-4BAA-B54A-DABBA95244A9}.AppStore|x86.Deploy.0 = AppStore|iPhone
		{FD2639C9-A299-4BAA-B54A-DABBA95244A9}.Debug|Any CPU.ActiveCfg = Debug|iPhoneSimulator
		{FD2639C9-A299-4BAA-B54A-DABBA95244A9}.Debug|Any CPU.Build.0 = Debug|iPhoneSimulator
		{FD2639C9-A299-4BAA-B54A-DABBA95244A9}.Debug|Any CPU.Deploy.0 = Debug|iPhoneSimulator
		{FD2639C9-A299-4BAA-B54A-DABBA95244A9}.Debug|ARM.ActiveCfg = Debug|iPhone
		{FD2639C9-A299-4BAA-B54A-DABBA95244A9}.Debug|ARM.Build.0 = Debug|iPhone
		{FD2639C9-A299-4BAA-B54A-DABBA95244A9}.Debug|ARM.Deploy.0 = Debug|iPhone
		{FD2639C9-A299-4BAA-B54A-DABBA95244A9}.Debug|iPhone.ActiveCfg = Debug|iPhone
		{FD2639C9-A299-4BAA-B54A-DABBA95244A9}.Debug|iPhone.Build.0 = Debug|iPhone
		{FD2639C9-A299-4BAA-B54A-DABBA95244A9}.Debug|iPhone.Deploy.0 = Debug|iPhone
		{FD2639C9-A299-4BAA-B54A-DABBA95244A9}.Debug|iPhoneSimulator.ActiveCfg = Debug|iPhoneSimulator
		{FD2639C9-A299-4BAA-B54A-DABBA95244A9}.Debug|iPhoneSimulator.Build.0 = Debug|iPhoneSimulator
		{FD2639C9-A299-4BAA-B54A-DABBA95244A9}.Debug|iPhoneSimulator.Deploy.0 = Debug|iPhoneSimulator
		{FD2639C9-A299-4BAA-B54A-DABBA95244A9}.Debug|x64.ActiveCfg = Debug|iPhone
		{FD2639C9-A299-4BAA-B54A-DABBA95244A9}.Debug|x64.Build.0 = Debug|iPhone
		{FD2639C9-A299-4BAA-B54A-DABBA95244A9}.Debug|x64.Deploy.0 = Debug|iPhone
		{FD2639C9-A299-4BAA-B54A-DABBA95244A9}.Debug|x86.ActiveCfg = Debug|iPhone
		{FD2639C9-A299-4BAA-B54A-DABBA95244A9}.Debug|x86.Build.0 = Debug|iPhone
		{FD2639C9-A299-4BAA-B54A-DABBA95244A9}.Debug|x86.Deploy.0 = Debug|iPhone
		{FD2639C9-A299-4BAA-B54A-DABBA95244A9}.Release|Any CPU.ActiveCfg = Release|iPhone
		{FD2639C9-A299-4BAA-B54A-DABBA95244A9}.Release|Any CPU.Build.0 = Release|iPhone
		{FD2639C9-A299-4BAA-B54A-DABBA95244A9}.Release|Any CPU.Deploy.0 = Release|iPhone
		{FD2639C9-A299-4BAA-B54A-DABBA95244A9}.Release|ARM.ActiveCfg = Release|iPhone
		{FD2639C9-A299-4BAA-B54A-DABBA95244A9}.Release|ARM.Build.0 = Release|iPhone
		{FD2639C9-A299-4BAA-B54A-DABBA95244A9}.Release|ARM.Deploy.0 = Release|iPhone
		{FD2639C9-A299-4BAA-B54A-DABBA95244A9}.Release|iPhone.ActiveCfg = Release|iPhone
		{FD2639C9-A299-4BAA-B54A-DABBA95244A9}.Release|iPhone.Build.0 = Release|iPhone
		{FD2639C9-A299-4BAA-B54A-DABBA95244A9}.Release|iPhone.Deploy.0 = Release|iPhone
		{FD2639C9-A299-4BAA-B54A-DABBA95244A9}.Release|iPhoneSimulator.ActiveCfg = Release|iPhoneSimulator
		{FD2639C9-A299-4BAA-B54A-DABBA95244A9}.Release|iPhoneSimulator.Build.0 = Release|iPhoneSimulator
		{FD2639C9-A299-4BAA-B54A-DABBA95244A9}.Release|iPhoneSimulator.Deploy.0 = Release|iPhoneSimulator
		{FD2639C9-A299-4BAA-B54A-DABBA95244A9}.Release|x64.ActiveCfg = Release|iPhone
		{FD2639C9-A299-4BAA-B54A-DABBA95244A9}.Release|x64.Build.0 = Release|iPhone
		{FD2639C9-A299-4BAA-B54A-DABBA95244A9}.Release|x64.Deploy.0 = Release|iPhone
		{FD2639C9-A299-4BAA-B54A-DABBA95244A9}.Release|x86.ActiveCfg = Release|iPhone
		{FD2639C9-A299-4BAA-B54A-DABBA95244A9}.Release|x86.Build.0 = Release|iPhone
		{FD2639C9-A299-4BAA-B54A-DABBA95244A9}.Release|x86.Deploy.0 = Release|iPhone
	EndGlobalSection
	GlobalSection(SolutionProperties) = preSolution
		HideSolutionNode = FALSE
	EndGlobalSection
EndGlobal
